
Microsoft Visual Studio Solution File, Format Version 12.00
# Visual Studio Version 17
VisualStudioVersion = 17.9.34728.123
MinimumVisualStudioVersion = 10.0.40219.1
Project("{FAE04EC0-301F-11D3-BF4B-00C04F79EFBC}") = "FPT_Pharmacy_Assignment", "FPT_Pharmacy_Assignment\FPT_Pharmacy_Assignment.csproj", "{89207035-360F-4854-9F64-D673E61231BE}"
EndProject
Global
	GlobalSection(SolutionConfigurationPlatforms) = preSolution
		Debug|Any CPU = Debug|Any CPU
		Release|Any CPU = Release|Any CPU
	EndGlobalSection
	GlobalSection(ProjectConfigurationPlatforms) = postSolution
		{89207035-360F-4854-9F64-D673E61231BE}.Debug|Any CPU.ActiveCfg = Debug|Any CPU
		{89207035-360F-4854-9F64-D673E61231BE}.Debug|Any CPU.Build.0 = Debug|Any CPU
		{89207035-360F-4854-9F64-D673E61231BE}.Release|Any CPU.ActiveCfg = Release|Any CPU
		{89207035-360F-4854-9F64-D673E61231BE}.Release|Any CPU.Build.0 = Release|Any CPU
	EndGlobalSection
	GlobalSection(SolutionProperties) = preSolution
		HideSolutionNode = FALSE
	EndGlobalSection
	GlobalSection(ExtensibilityGlobals) = postSolution
		SolutionGuid = {B0F63D28-D0BC-4629-9877-3A3F044CF0B6}
	EndGlobalSection
EndGlobal
